// !$*UTF8*$!
{
	archiveVersion = 1;
	classes = {
	};
	objectVersion = 46;
	objects = {

/* Begin PBXBuildFile section */
		F54931291C15CCB000F68392 /* main.m in Sources */ = {isa = PBXBuildFile; fileRef = F54931281C15CCB000F68392 /* main.m */; };
		F549312C1C15CCB000F68392 /* AppDelegate.m in Sources */ = {isa = PBXBuildFile; fileRef = F549312B1C15CCB000F68392 /* AppDelegate.m */; };
		F549312F1C15CCB000F68392 /* ViewController.m in Sources */ = {isa = PBXBuildFile; fileRef = F549312E1C15CCB000F68392 /* ViewController.m */; };
		F54931321C15CCB000F68392 /* Main.storyboard in Resources */ = {isa = PBXBuildFile; fileRef = F54931301C15CCB000F68392 /* Main.storyboard */; };
		F54931341C15CCB000F68392 /* Assets.xcassets in Resources */ = {isa = PBXBuildFile; fileRef = F54931331C15CCB000F68392 /* Assets.xcassets */; };
		F54931371C15CCB000F68392 /* LaunchScreen.storyboard in Resources */ = {isa = PBXBuildFile; fileRef = F54931351C15CCB000F68392 /* LaunchScreen.storyboard */; };
		F54931421C15CCB000F68392 /* _3_drawline_with_quartz2DTests.m in Sources */ = {isa = PBXBuildFile; fileRef = F54931411C15CCB000F68392 /* _3_drawline_with_quartz2DTests.m */; };
		F549314D1C15CCB000F68392 /* _3_drawline_with_quartz2DUITests.m in Sources */ = {isa = PBXBuildFile; fileRef = F549314C1C15CCB000F68392 /* _3_drawline_with_quartz2DUITests.m */; };
/* End PBXBuildFile section */

/* Begin PBXContainerItemProxy section */
		F549313E1C15CCB000F68392 /* PBXContainerItemProxy */ = {
			isa = PBXContainerItemProxy;
			containerPortal = F549311C1C15CCB000F68392 /* Project object */;
			proxyType = 1;
			remoteGlobalIDString = F54931231C15CCB000F68392;
			remoteInfo = 23_drawline_with_quartz2D;
		};
		F54931491C15CCB000F68392 /* PBXContainerItemProxy */ = {
			isa = PBXContainerItemProxy;
			containerPortal = F549311C1C15CCB000F68392 /* Project object */;
			proxyType = 1;
			remoteGlobalIDString = F54931231C15CCB000F68392;
			remoteInfo = 23_drawline_with_quartz2D;
		};
/* End PBXContainerItemProxy section */

/* Begin PBXFileReference section */
		F54931241C15CCB000F68392 /* 23_drawline_with_quartz2D.app */ = {isa = PBXFileReference; explicitFileType = wrapper.application; includeInIndex = 0; path = 23_drawline_with_quartz2D.app; sourceTree = BUILT_PRODUCTS_DIR; };
		F54931281C15CCB000F68392 /* main.m */ = {isa = PBXFileReference; lastKnownFileType = sourcecode.c.objc; path = main.m; sourceTree = "<group>"; };
		F549312A1C15CCB000F68392 /* AppDelegate.h */ = {isa = PBXFileReference; lastKnownFileType = sourcecode.c.h; path = AppDelegate.h; sourceTree = "<group>"; };
		F549312B1C15CCB000F68392 /* AppDelegate.m */ = {isa = PBXFileReference; lastKnownFileType = sourcecode.c.objc; path = AppDelegate.m; sourceTree = "<group>"; };
		F549312D1C15CCB000F68392 /* ViewController.h */ = {isa = PBXFileReference; lastKnownFileType = sourcecode.c.h; path = ViewController.h; sourceTree = "<group>"; };
		F549312E1C15CCB000F68392 /* ViewController.m */ = {isa = PBXFileReference; lastKnownFileType = sourcecode.c.objc; path = ViewController.m; sourceTree = "<group>"; };
		F54931311C15CCB000F68392 /* Base */ = {isa = PBXFileReference; lastKnownFileType = file.storyboard; name = Base; path = Base.lproj/Main.storyboard; sourceTree = "<group>"; };
		F54931331C15CCB000F68392 /* Assets.xcassets */ = {isa = PBXFileReference; lastKnownFileType = folder.assetcatalog; path = Assets.xcassets; sourceTree = "<group>"; };
		F54931361C15CCB000F68392 /* Base */ = {isa = PBXFileReference; lastKnownFileType = file.storyboard; name = Base; path = Base.lproj/LaunchScreen.storyboard; sourceTree = "<group>"; };
		F54931381C15CCB000F68392 /* Info.plist */ = {isa = PBXFileReference; lastKnownFileType = text.plist.xml; path = Info.plist; sourceTree = "<group>"; };
		F549313D1C15CCB000F68392 /* 23_drawline_with_quartz2DTests.xctest */ = {isa = PBXFileReference; explicitFileType = wrapper.cfbundle; includeInIndex = 0; path = 23_drawline_with_quartz2DTests.xctest; sourceTree = BUILT_PRODUCTS_DIR; };
		F54931411C15CCB000F68392 /* _3_drawline_with_quartz2DTests.m */ = {isa = PBXFileReference; lastKnownFileType = sourcecode.c.objc; path = _3_drawline_with_quartz2DTests.m; sourceTree = "<group>"; };
		F54931431C15CCB000F68392 /* Info.plist */ = {isa = PBXFileReference; lastKnownFileType = text.plist.xml; path = Info.plist; sourceTree = "<group>"; };
		F54931481C15CCB000F68392 /* 23_drawline_with_quartz2DUITests.xctest */ = {isa = PBXFileReference; explicitFileType = wrapper.cfbundle; includeInIndex = 0; path = 23_drawline_with_quartz2DUITests.xctest; sourceTree = BUILT_PRODUCTS_DIR; };
		F549314C1C15CCB000F68392 /* _3_drawline_with_quartz2DUITests.m */ = {isa = PBXFileReference; lastKnownFileType = sourcecode.c.objc; path = _3_drawline_with_quartz2DUITests.m; sourceTree = "<group>"; };
		F549314E1C15CCB000F68392 /* Info.plist */ = {isa = PBXFileReference; lastKnownFileType = text.plist.xml; path = Info.plist; sourceTree = "<group>"; };
/* End PBXFileReference section */

/* Begin PBXFrameworksBuildPhase section */
		F54931211C15CCB000F68392 /* Frameworks */ = {
			isa = PBXFrameworksBuildPhase;
			buildActionMask = 2147483647;
			files = (
			);
			runOnlyForDeploymentPostprocessing = 0;
		};
		F549313A1C15CCB000F68392 /* Frameworks */ = {
			isa = PBXFrameworksBuildPhase;
			buildActionMask = 2147483647;
			files = (
			);
			runOnlyForDeploymentPostprocessing = 0;
		};
		F54931451C15CCB000F68392 /* Frameworks */ = {
			isa = PBXFrameworksBuildPhase;
			buildActionMask = 2147483647;
			files = (
			);
			runOnlyForDeploymentPostprocessing = 0;
		};
/* End PBXFrameworksBuildPhase section */

/* Begin PBXGroup section */
		F549311B1C15CCB000F68392 = {
			isa = PBXGroup;
			children = (
				F54931261C15CCB000F68392 /* 23_drawline_with_quartz2D */,
				F54931401C15CCB000F68392 /* 23_drawline_with_quartz2DTests */,
				F549314B1C15CCB000F68392 /* 23_drawline_with_quartz2DUITests */,
				F54931251C15CCB000F68392 /* Products */,
			);
			sourceTree = "<group>";
		};
		F54931251C15CCB000F68392 /* Products */ = {
			isa = PBXGroup;
			children = (
				F54931241C15CCB000F68392 /* 23_drawline_with_quartz2D.app */,
				F549313D1C15CCB000F68392 /* 23_drawline_with_quartz2DTests.xctest */,
				F54931481C15CCB000F68392 /* 23_drawline_with_quartz2DUITests.xctest */,
			);
			name = Products;
			sourceTree = "<group>";
		};
		F54931261C15CCB000F68392 /* 23_drawline_with_quartz2D */ = {
			isa = PBXGroup;
			children = (
				F549312A1C15CCB000F68392 /* AppDelegate.h */,
				F549312B1C15CCB000F68392 /* AppDelegate.m */,
				F549312D1C15CCB000F68392 /* ViewController.h */,
				F549312E1C15CCB000F68392 /* ViewController.m */,
				F54931301C15CCB000F68392 /* Main.storyboard */,
				F54931331C15CCB000F68392 /* Assets.xcassets */,
				F54931351C15CCB000F68392 /* LaunchScreen.storyboard */,
				F54931381C15CCB000F68392 /* Info.plist */,
				F54931271C15CCB000F68392 /* Supporting Files */,
			);
			path = 23_drawline_with_quartz2D;
			sourceTree = "<group>";
		};
		F54931271C15CCB000F68392 /* Supporting Files */ = {
			isa = PBXGroup;
			children = (
				F54931281C15CCB000F68392 /* main.m */,
			);
			name = "Supporting Files";
			sourceTree = "<group>";
		};
		F54931401C15CCB000F68392 /* 23_drawline_with_quartz2DTests */ = {
			isa = PBXGroup;
			children = (
				F54931411C15CCB000F68392 /* _3_drawline_with_quartz2DTests.m */,
				F54931431C15CCB000F68392 /* Info.plist */,
			);
			path = 23_drawline_with_quartz2DTests;
			sourceTree = "<group>";
		};
		F549314B1C15CCB000F68392 /* 23_drawline_with_quartz2DUITests */ = {
			isa = PBXGroup;
			children = (
				F549314C1C15CCB000F68392 /* _3_drawline_with_quartz2DUITests.m */,
				F549314E1C15CCB000F68392 /* Info.plist */,
			);
			path = 23_drawline_with_quartz2DUITests;
			sourceTree = "<group>";
		};
/* End PBXGroup section */

/* Begin PBXNativeTarget section */
		F54931231C15CCB000F68392 /* 23_drawline_with_quartz2D */ = {
			isa = PBXNativeTarget;
			buildConfigurationList = F54931511C15CCB000F68392 /* Build configuration list for PBXNativeTarget "23_drawline_with_quartz2D" */;
			buildPhases = (
				F54931201C15CCB000F68392 /* Sources */,
				F54931211C15CCB000F68392 /* Frameworks */,
				F54931221C15CCB000F68392 /* Resources */,
			);
			buildRules = (
			);
			dependencies = (
			);
			name = 23_drawline_with_quartz2D;
			productName = 23_drawline_with_quartz2D;
			productReference = F54931241C15CCB000F68392 /* 23_drawline_with_quartz2D.app */;
			productType = "com.apple.product-type.application";
		};
		F549313C1C15CCB000F68392 /* 23_drawline_with_quartz2DTests */ = {
			isa = PBXNativeTarget;
			buildConfigurationList = F54931541C15CCB000F68392 /* Build configuration list for PBXNativeTarget "23_drawline_with_quartz2DTests" */;
			buildPhases = (
				F54931391C15CCB000F68392 /* Sources */,
				F549313A1C15CCB000F68392 /* Frameworks */,
				F549313B1C15CCB000F68392 /* Resources */,
			);
			buildRules = (
			);
			dependencies = (
				F549313F1C15CCB000F68392 /* PBXTargetDependency */,
			);
			name = 23_drawline_with_quartz2DTests;
			productName = 23_drawline_with_quartz2DTests;
			productReference = F549313D1C15CCB000F68392 /* 23_drawline_with_quartz2DTests.xctest */;
			productType = "com.apple.product-type.bundle.unit-test";
		};
		F54931471C15CCB000F68392 /* 23_drawline_with_quartz2DUITests */ = {
			isa = PBXNativeTarget;
			buildConfigurationList = F54931571C15CCB000F68392 /* Build configuration list for PBXNativeTarget "23_drawline_with_quartz2DUITests" */;
			buildPhases = (
				F54931441C15CCB000F68392 /* Sources */,
				F54931451C15CCB000F68392 /* Frameworks */,
				F54931461C15CCB000F68392 /* Resources */,
			);
			buildRules = (
			);
			dependencies = (
				F549314A1C15CCB000F68392 /* PBXTargetDependency */,
			);
			name = 23_drawline_with_quartz2DUITests;
			productName = 23_drawline_with_quartz2DUITests;
			productReference = F54931481C15CCB000F68392 /* 23_drawline_with_quartz2DUITests.xctest */;
			productType = "com.apple.product-type.bundle.ui-testing";
		};
/* End PBXNativeTarget section */

/* Begin PBXProject section */
		F549311C1C15CCB000F68392 /* Project object */ = {
			isa = PBXProject;
			attributes = {
				LastUpgradeCheck = 0700;
				ORGANIZATIONNAME = private;
				TargetAttributes = {
					F54931231C15CCB000F68392 = {
						CreatedOnToolsVersion = 7.0.1;
						DevelopmentTeam = UP8389U8H4;
					};
					F549313C1C15CCB000F68392 = {
						CreatedOnToolsVersion = 7.0.1;
						DevelopmentTeam = UP8389U8H4;
						TestTargetID = F54931231C15CCB000F68392;
					};
					F54931471C15CCB000F68392 = {
						CreatedOnToolsVersion = 7.0.1;
						DevelopmentTeam = UP8389U8H4;
						TestTargetID = F54931231C15CCB000F68392;
					};
				};
			};
			buildConfigurationList = F549311F1C15CCB000F68392 /* Build configuration list for PBXProject "23_drawline_with_quartz2D" */;
			compatibilityVersion = "Xcode 3.2";
			developmentRegion = English;
			hasScannedForEncodings = 0;
			knownRegions = (
				en,
				Base,
			);
			mainGroup = F549311B1C15CCB000F68392;
			productRefGroup = F54931251C15CCB000F68392 /* Products */;
			projectDirPath = "";
			projectRoot = "";
			targets = (
				F54931231C15CCB000F68392 /* 23_drawline_with_quartz2D */,
				F549313C1C15CCB000F68392 /* 23_drawline_with_quartz2DTests */,
				F54931471C15CCB000F68392 /* 23_drawline_with_quartz2DUITests */,
			);
		};
/* End PBXProject section */

/* Begin PBXResourcesBuildPhase section */
		F54931221C15CCB000F68392 /* Resources */ = {
			isa = PBXResourcesBuildPhase;
			buildActionMask = 2147483647;
			files = (
				F54931371C15CCB000F68392 /* LaunchScreen.storyboard in Resources */,
				F54931341C15CCB000F68392 /* Assets.xcassets in Resources */,
				F54931321C15CCB000F68392 /* Main.storyboard in Resources */,
			);
			runOnlyForDeploymentPostprocessing = 0;
		};
		F549313B1C15CCB000F68392 /* Resources */ = {
			isa = PBXResourcesBuildPhase;
			buildActionMask = 2147483647;
			files = (
			);
			runOnlyForDeploymentPostprocessing = 0;
		};
		F54931461C15CCB000F68392 /* Resources */ = {
			isa = PBXResourcesBuildPhase;
			buildActionMask = 2147483647;
			files = (
			);
			runOnlyForDeploymentPostprocessing = 0;
		};
/* End PBXResourcesBuildPhase section */

/* Begin PBXSourcesBuildPhase section */
		F54931201C15CCB000F68392 /* Sources */ = {
			isa = PBXSourcesBuildPhase;
			buildActionMask = 2147483647;
			files = (
				F549312F1C15CCB000F68392 /* ViewController.m in Sources */,
				F549312C1C15CCB000F68392 /* AppDelegate.m in Sources */,
				F54931291C15CCB000F68392 /* main.m in Sources */,
			);
			runOnlyForDeploymentPostprocessing = 0;
		};
		F54931391C15CCB000F68392 /* Sources */ = {
			isa = PBXSourcesBuildPhase;
			buildActionMask = 2147483647;
			files = (
				F54931421C15CCB000F68392 /* _3_drawline_with_quartz2DTests.m in Sources */,
			);
			runOnlyForDeploymentPostprocessing = 0;
		};
		F54931441C15CCB000F68392 /* Sources */ = {
			isa = PBXSourcesBuildPhase;
			buildActionMask = 2147483647;
			files = (
				F549314D1C15CCB000F68392 /* _3_drawline_with_quartz2DUITests.m in Sources */,
			);
			runOnlyForDeploymentPostprocessing = 0;
		};
/* End PBXSourcesBuildPhase section */

/* Begin PBXTargetDependency section */
		F549313F1C15CCB000F68392 /* PBXTargetDependency */ = {
			isa = PBXTargetDependency;
			target = F54931231C15CCB000F68392 /* 23_drawline_with_quartz2D */;
			targetProxy = F549313E1C15CCB000F68392 /* PBXContainerItemProxy */;
		};
		F549314A1C15CCB000F68392 /* PBXTargetDependency */ = {
			isa = PBXTargetDependency;
			target = F54931231C15CCB000F68392 /* 23_drawline_with_quartz2D */;
			targetProxy = F54931491C15CCB000F68392 /* PBXContainerItemProxy */;
		};
/* End PBXTargetDependency section */

/* Begin PBXVariantGroup section */
		F54931301C15CCB000F68392 /* Main.storyboard */ = {
			isa = PBXVariantGroup;
			children = (
				F54931311C15CCB000F68392 /* Base */,
			);
			name = Main.storyboard;
			sourceTree = "<group>";
		};
		F54931351C15CCB000F68392 /* LaunchScreen.storyboard */ = {
			isa = PBXVariantGroup;
			children = (
				F54931361C15CCB000F68392 /* Base */,
			);
			name = LaunchScreen.storyboard;
			sourceTree = "<group>";
		};
/* End PBXVariantGroup section */

/* Begin XCBuildConfiguration section */
		F549314F1C15CCB000F68392 /* Debug */ = {
			isa = XCBuildConfiguration;
			buildSettings = {
				ALWAYS_SEARCH_USER_PATHS = NO;
				CLANG_CXX_LANGUAGE_STANDARD = "gnu++0x";
				CLANG_CXX_LIBRARY = "libc++";
				CLANG_ENABLE_MODULES = YES;
				CLANG_ENABLE_OBJC_ARC = YES;
				CLANG_WARN_BOOL_CONVERSION = YES;
				CLANG_WARN_CONSTANT_CONVERSION = YES;
				CLANG_WARN_DIRECT_OBJC_ISA_USAGE = YES_ERROR;
				CLANG_WARN_EMPTY_BODY = YES;
				CLANG_WARN_ENUM_CONVERSION = YES;
				CLANG_WARN_INT_CONVERSION = YES;
				CLANG_WARN_OBJC_ROOT_CLASS = YES_ERROR;
				CLANG_WARN_UNREACHABLE_CODE = YES;
				CLANG_WARN__DUPLICATE_METHOD_MATCH = YES;
				"CODE_SIGN_IDENTITY[sdk=iphoneos*]" = "iPhone Developer";
				COPY_PHASE_STRIP = NO;
				DEBUG_INFORMATION_FORMAT = dwarf;
				ENABLE_STRICT_OBJC_MSGSEND = YES;
				ENABLE_TESTABILITY = YES;
				GCC_C_LANGUAGE_STANDARD = gnu99;
				GCC_DYNAMIC_NO_PIC = NO;
				GCC_NO_COMMON_BLOCKS = YES;
				GCC_OPTIMIZATION_LEVEL = 0;
				GCC_PREPROCESSOR_DEFINITIONS = (
					"DEBUG=1",
					"$(inherited)",
				);
				GCC_WARN_64_TO_32_BIT_CONVERSION = YES;
				GCC_WARN_ABOUT_RETURN_TYPE = YES_ERROR;
				GCC_WARN_UNDECLARED_SELECTOR = YES;
				GCC_WARN_UNINITIALIZED_AUTOS = YES_AGGRESSIVE;
				GCC_WARN_UNUSED_FUNCTION = YES;
				GCC_WARN_UNUSED_VARIABLE = YES;
				IPHONEOS_DEPLOYMENT_TARGET = 9.0;
				MTL_ENABLE_DEBUG_INFO = YES;
				ONLY_ACTIVE_ARCH = YES;
				SDKROOT = iphoneos;
			};
			name = Debug;
		};
		F54931501C15CCB000F68392 /* Release */ = {
			isa = XCBuildConfiguration;
			buildSettings = {
				ALWAYS_SEARCH_USER_PATHS = NO;
				CLANG_CXX_LANGUAGE_STANDARD = "gnu++0x";
				CLANG_CXX_LIBRARY = "libc++";
				CLANG_ENABLE_MODULES = YES;
				CLANG_ENABLE_OBJC_ARC = YES;
				CLANG_WARN_BOOL_CONVERSION = YES;
				CLANG_WARN_CONSTANT_CONVERSION = YES;
				CLANG_WARN_DIRECT_OBJC_ISA_USAGE = YES_ERROR;
				CLANG_WARN_EMPTY_BODY = YES;
				CLANG_WARN_ENUM_CONVERSION = YES;
				CLANG_WARN_INT_CONVERSION = YES;
				CLANG_WARN_OBJC_ROOT_CLASS = YES_ERROR;
				CLANG_WARN_UNREACHABLE_CODE = YES;
				CLANG_WARN__DUPLICATE_METHOD_MATCH = YES;
				"CODE_SIGN_IDENTITY[sdk=iphoneos*]" = "iPhone Developer";
				COPY_PHASE_STRIP = NO;
				DEBUG_INFORMATION_FORMAT = "dwarf-with-dsym";
				ENABLE_NS_ASSERTIONS = NO;
				ENABLE_STRICT_OBJC_MSGSEND = YES;
				GCC_C_LANGUAGE_STANDARD = gnu99;
				GCC_NO_COMMON_BLOCKS = YES;
				GCC_WARN_64_TO_32_BIT_CONVERSION = YES;
				GCC_WARN_ABOUT_RETURN_TYPE = YES_ERROR;
				GCC_WARN_UNDECLARED_SELECTOR = YES;
				GCC_WARN_UNINITIALIZED_AUTOS = YES_AGGRESSIVE;
				GCC_WARN_UNUSED_FUNCTION = YES;
				GCC_WARN_UNUSED_VARIABLE = YES;
				IPHONEOS_DEPLOYMENT_TARGET = 9.0;
				MTL_ENABLE_DEBUG_INFO = NO;
				SDKROOT = iphoneos;
				VALIDATE_PRODUCT = YES;
			};
			name = Release;
		};
		F54931521C15CCB000F68392 /* Debug */ = {
			isa = XCBuildConfiguration;
			buildSettings = {
				ASSETCATALOG_COMPILER_APPICON_NAME = AppIcon;
				INFOPLIST_FILE = 23_drawline_with_quartz2D/Info.plist;
				LD_RUNPATH_SEARCH_PATHS = "$(inherited) @executable_path/Frameworks";
				PRODUCT_BUNDLE_IDENTIFIER = "darrendu.-3-drawline-with-quartz2D";
				PRODUCT_NAME = "$(TARGET_NAME)";
			};
			name = Debug;
		};
		F54931531C15CCB000F68392 /* Release */ = {
			isa = XCBuildConfiguration;
			buildSettings = {
				ASSETCATALOG_COMPILER_APPICON_NAME = AppIcon;
				INFOPLIST_FILE = 23_drawline_with_quartz2D/Info.plist;
				LD_RUNPATH_SEARCH_PATHS = "$(inherited) @executable_path/Frameworks";
				PRODUCT_BUNDLE_IDENTIFIER = "darrendu.-3-drawline-with-quartz2D";
				PRODUCT_NAME = "$(TARGET_NAME)";
			};
			name = Release;
		};
		F54931551C15CCB000F68392 /* Debug */ = {
			isa = XCBuildConfiguration;
			buildSettings = {
				BUNDLE_LOADER = "$(TEST_HOST)";
				INFOPLIST_FILE = 23_drawline_with_quartz2DTests/Info.plist;
				LD_RUNPATH_SEARCH_PATHS = "$(inherited) @executable_path/Frameworks @loader_path/Frameworks";
				PRODUCT_BUNDLE_IDENTIFIER = "darrendu.-3-drawline-with-quartz2DTests";
				PRODUCT_NAME = "$(TARGET_NAME)";
				TEST_HOST = "$(BUILT_PRODUCTS_DIR)/23_drawline_with_quartz2D.app/23_drawline_with_quartz2D";
			};
			name = Debug;
		};
		F54931561C15CCB000F68392 /* Release */ = {
			isa = XCBuildConfiguration;
			buildSettings = {
				BUNDLE_LOADER = "$(TEST_HOST)";
				INFOPLIST_FILE = 23_drawline_with_quartz2DTests/Info.plist;
				LD_RUNPATH_SEARCH_PATHS = "$(inherited) @executable_path/Frameworks @loader_path/Frameworks";
				PRODUCT_BUNDLE_IDENTIFIER = "darrendu.-3-drawline-with-quartz2DTests";
				PRODUCT_NAME = "$(TARGET_NAME)";
				TEST_HOST = "$(BUILT_PRODUCTS_DIR)/23_drawline_with_quartz2D.app/23_drawline_with_quartz2D";
			};
			name = Release;
		};
		F54931581C15CCB000F68392 /* Debug */ = {
			isa = XCBuildConfiguration;
			buildSettings = {
				INFOPLIST_FILE = 23_drawline_with_quartz2DUITests/Info.plist;
				LD_RUNPATH_SEARCH_PATHS = "$(inherited) @executable_path/Frameworks @loader_path/Frameworks";
				PRODUCT_BUNDLE_IDENTIFIER = "darrendu.-3-drawline-with-quartz2DUITests";
				PRODUCT_NAME = "$(TARGET_NAME)";
				TEST_TARGET_NAME = 23_drawline_with_quartz2D;
				USES_XCTRUNNER = YES;
			};
			name = Debug;
		};
		F54931591C15CCB000F68392 /* Release */ = {
			isa = XCBuildConfiguration;
			buildSettings = {
				INFOPLIST_FILE = 23_drawline_with_quartz2DUITests/Info.plist;
				LD_RUNPATH_SEARCH_PATHS = "$(inherited) @executable_path/Frameworks @loader_path/Frameworks";
				PRODUCT_BUNDLE_IDENTIFIER = "darrendu.-3-drawline-with-quartz2DUITests";
				PRODUCT_NAME = "$(TARGET_NAME)";
				TEST_TARGET_NAME = 23_drawline_with_quartz2D;
				USES_XCTRUNNER = YES;
			};
			name = Release;
		};
/* End XCBuildConfiguration section */

/* Begin XCConfigurationList section */
		F549311F1C15CCB000F68392 /* Build configuration list for PBXProject "23_drawline_with_quartz2D" */ = {
			isa = XCConfigurationList;
			buildConfigurations = (
				F549314F1C15CCB000F68392 /* Debug */,
				F54931501C15CCB000F68392 /* Release */,
			);
			defaultConfigurationIsVisible = 0;
			defaultConfigurationName = Release;
		};
		F54931511C15CCB000F68392 /* Build configuration list for PBXNativeTarget "23_drawline_with_quartz2D" */ = {
			isa = XCConfigurationList;
			buildConfigurations = (
				F54931521C15CCB000F68392 /* Debug */,
				F54931531C15CCB000F68392 /* Release */,
			);
			defaultConfigurationIsVisible = 0;
		};
		F54931541C15CCB000F68392 /* Build configuration list for PBXNativeTarget "23_drawline_with_quartz2DTests" */ = {
			isa = XCConfigurationList;
			buildConfigurations = (
				F54931551C15CCB000F68392 /* Debug */,
				F54931561C15CCB000F68392 /* Release */,
			);
			defaultConfigurationIsVisible = 0;
		};
		F54931571C15CCB000F68392 /* Build configuration list for PBXNativeTarget "23_drawline_with_quartz2DUITests" */ = {
			isa = XCConfigurationList;
			buildConfigurations = (
				F54931581C15CCB000F68392 /* Debug */,
				F54931591C15CCB000F68392 /* Release */,
			);
			defaultConfigurationIsVisible = 0;
		};
/* End XCConfigurationList section */
	};
	rootObject = F549311C1C15CCB000F68392 /* Project object */;
}
